
Microsoft Visual Studio Solution File, Format Version 12.00
# Visual Studio Version 17
VisualStudioVersion = 17.0.31903.59
MinimumVisualStudioVersion = 10.0.40219.1
Project("{2150E333-8FDC-42A3-9474-1A3956D46DE8}") = "src", "src", "{827E0CD3-B72D-47B6-A68D-7590B98EB39B}"
EndProject
Project("{FAE04EC0-301F-11D3-BF4B-00C04F79EFBC}") = "Platform.Domain", "src\Platform.Domain\Platform.Domain.csproj", "{F1FB8962-D0F1-43B7-899E-331030CC4106}"
EndProject
Project("{FAE04EC0-301F-11D3-BF4B-00C04F79EFBC}") = "Platform.Contracts", "src\Platform.Contracts\Platform.Contracts.csproj", "{18215116-C9EB-45ED-B35C-5255769CC7E2}"
EndProject
Project("{FAE04EC0-301F-11D3-BF4B-00C04F79EFBC}") = "Platform.Application", "src\Platform.Application\Platform.Application.csproj", "{AFA29100-B5B3-4E87-A9B3-C60E4AFADCDF}"
EndProject
Project("{FAE04EC0-301F-11D3-BF4B-00C04F79EFBC}") = "Platform.Infrastructure", "src\Platform.Infrastructure\Platform.Infrastructure.csproj", "{1597CA12-DC00-4889-BB31-DC877F29BD18}"
EndProject
Project("{FAE04EC0-301F-11D3-BF4B-00C04F79EFBC}") = "Platform.Api", "src\Platform.Api\Platform.Api.csproj", "{17D678E6-91A9-460C-8D03-860BD41846B2}"
EndProject
Project("{2150E333-8FDC-42A3-9474-1A3956D46DE8}") = "tests", "tests", "{0AB3BF05-4346-4AA6-1389-037BE0695223}"
EndProject
Project("{FAE04EC0-301F-11D3-BF4B-00C04F79EFBC}") = "Platform.UnitTests", "tests\Platform.UnitTests\Platform.UnitTests.csproj", "{4A9FA035-2565-43B9-8674-EDAF8EA38A0B}"
EndProject
Project("{FAE04EC0-301F-11D3-BF4B-00C04F79EFBC}") = "Platform.IntegrationTests", "tests\Platform.IntegrationTests\Platform.IntegrationTests.csproj", "{BC7C95C7-B16F-4170-B450-A17D03BF2552}"
EndProject
Project("{FAE04EC0-301F-11D3-BF4B-00C04F79EFBC}") = "Platform.DevData", "src\Platform.DevData\Platform.DevData.csproj", "{7F98895F-99EE-4F87-A2B3-9ACE40A30840}"
EndProject
Global
	GlobalSection(SolutionConfigurationPlatforms) = preSolution
		Debug|Any CPU = Debug|Any CPU
		Debug|x64 = Debug|x64
		Debug|x86 = Debug|x86
		Release|Any CPU = Release|Any CPU
		Release|x64 = Release|x64
		Release|x86 = Release|x86
	EndGlobalSection
	GlobalSection(ProjectConfigurationPlatforms) = postSolution
		{F1FB8962-D0F1-43B7-899E-331030CC4106}.Debug|Any CPU.ActiveCfg = Debug|Any CPU
		{F1FB8962-D0F1-43B7-899E-331030CC4106}.Debug|Any CPU.Build.0 = Debug|Any CPU
		{F1FB8962-D0F1-43B7-899E-331030CC4106}.Debug|x64.ActiveCfg = Debug|Any CPU
		{F1FB8962-D0F1-43B7-899E-331030CC4106}.Debug|x64.Build.0 = Debug|Any CPU
		{F1FB8962-D0F1-43B7-899E-331030CC4106}.Debug|x86.ActiveCfg = Debug|Any CPU
		{F1FB8962-D0F1-43B7-899E-331030CC4106}.Debug|x86.Build.0 = Debug|Any CPU
		{F1FB8962-D0F1-43B7-899E-331030CC4106}.Release|Any CPU.ActiveCfg = Release|Any CPU
		{F1FB8962-D0F1-43B7-899E-331030CC4106}.Release|Any CPU.Build.0 = Release|Any CPU
		{F1FB8962-D0F1-43B7-899E-331030CC4106}.Release|x64.ActiveCfg = Release|Any CPU
		{F1FB8962-D0F1-43B7-899E-331030CC4106}.Release|x64.Build.0 = Release|Any CPU
		{F1FB8962-D0F1-43B7-899E-331030CC4106}.Release|x86.ActiveCfg = Release|Any CPU
		{F1FB8962-D0F1-43B7-899E-331030CC4106}.Release|x86.Build.0 = Release|Any CPU
		{18215116-C9EB-45ED-B35C-5255769CC7E2}.Debug|Any CPU.ActiveCfg = Debug|Any CPU
		{18215116-C9EB-45ED-B35C-5255769CC7E2}.Debug|Any CPU.Build.0 = Debug|Any CPU
		{18215116-C9EB-45ED-B35C-5255769CC7E2}.Debug|x64.ActiveCfg = Debug|Any CPU
		{18215116-C9EB-45ED-B35C-5255769CC7E2}.Debug|x64.Build.0 = Debug|Any CPU
		{18215116-C9EB-45ED-B35C-5255769CC7E2}.Debug|x86.ActiveCfg = Debug|Any CPU
		{18215116-C9EB-45ED-B35C-5255769CC7E2}.Debug|x86.Build.0 = Debug|Any CPU
		{18215116-C9EB-45ED-B35C-5255769CC7E2}.Release|Any CPU.ActiveCfg = Release|Any CPU
		{18215116-C9EB-45ED-B35C-5255769CC7E2}.Release|Any CPU.Build.0 = Release|Any CPU
		{18215116-C9EB-45ED-B35C-5255769CC7E2}.Release|x64.ActiveCfg = Release|Any CPU
		{18215116-C9EB-45ED-B35C-5255769CC7E2}.Release|x64.Build.0 = Release|Any CPU
		{18215116-C9EB-45ED-B35C-5255769CC7E2}.Release|x86.ActiveCfg = Release|Any CPU
		{18215116-C9EB-45ED-B35C-5255769CC7E2}.Release|x86.Build.0 = Release|Any CPU
		{AFA29100-B5B3-4E87-A9B3-C60E4AFADCDF}.Debug|Any CPU.ActiveCfg = Debug|Any CPU
		{AFA29100-B5B3-4E87-A9B3-C60E4AFADCDF}.Debug|Any CPU.Build.0 = Debug|Any CPU
		{AFA29100-B5B3-4E87-A9B3-C60E4AFADCDF}.Debug|x64.ActiveCfg = Debug|Any CPU
		{AFA29100-B5B3-4E87-A9B3-C60E4AFADCDF}.Debug|x64.Build.0 = Debug|Any CPU
		{AFA29100-B5B3-4E87-A9B3-C60E4AFADCDF}.Debug|x86.ActiveCfg = Debug|Any CPU
		{AFA29100-B5B3-4E87-A9B3-C60E4AFADCDF}.Debug|x86.Build.0 = Debug|Any CPU
		{AFA29100-B5B3-4E87-A9B3-C60E4AFADCDF}.Release|Any CPU.ActiveCfg = Release|Any CPU
		{AFA29100-B5B3-4E87-A9B3-C60E4AFADCDF}.Release|Any CPU.Build.0 = Release|Any CPU
		{AFA29100-B5B3-4E87-A9B3-C60E4AFADCDF}.Release|x64.ActiveCfg = Release|Any CPU
		{AFA29100-B5B3-4E87-A9B3-C60E4AFADCDF}.Release|x64.Build.0 = Release|Any CPU
		{AFA29100-B5B3-4E87-A9B3-C60E4AFADCDF}.Release|x86.ActiveCfg = Release|Any CPU
		{AFA29100-B5B3-4E87-A9B3-C60E4AFADCDF}.Release|x86.Build.0 = Release|Any CPU
		{1597CA12-DC00-4889-BB31-DC877F29BD18}.Debug|Any CPU.ActiveCfg = Debug|Any CPU
		{1597CA12-DC00-4889-BB31-DC877F29BD18}.Debug|Any CPU.Build.0 = Debug|Any CPU
		{1597CA12-DC00-4889-BB31-DC877F29BD18}.Debug|x64.ActiveCfg = Debug|Any CPU
		{1597CA12-DC00-4889-BB31-DC877F29BD18}.Debug|x64.Build.0 = Debug|Any CPU
		{1597CA12-DC00-4889-BB31-DC877F29BD18}.Debug|x86.ActiveCfg = Debug|Any CPU
		{1597CA12-DC00-4889-BB31-DC877F29BD18}.Debug|x86.Build.0 = Debug|Any CPU
		{1597CA12-DC00-4889-BB31-DC877F29BD18}.Release|Any CPU.ActiveCfg = Release|Any CPU
		{1597CA12-DC00-4889-BB31-DC877F29BD18}.Release|Any CPU.Build.0 = Release|Any CPU
		{1597CA12-DC00-4889-BB31-DC877F29BD18}.Release|x64.ActiveCfg = Release|Any CPU
		{1597CA12-DC00-4889-BB31-DC877F29BD18}.Release|x64.Build.0 = Release|Any CPU
		{1597CA12-DC00-4889-BB31-DC877F29BD18}.Release|x86.ActiveCfg = Release|Any CPU
		{1597CA12-DC00-4889-BB31-DC877F29BD18}.Release|x86.Build.0 = Release|Any CPU
		{17D678E6-91A9-460C-8D03-860BD41846B2}.Debug|Any CPU.ActiveCfg = Debug|Any CPU
		{17D678E6-91A9-460C-8D03-860BD41846B2}.Debug|Any CPU.Build.0 = Debug|Any CPU
		{17D678E6-91A9-460C-8D03-860BD41846B2}.Debug|x64.ActiveCfg = Debug|Any CPU
		{17D678E6-91A9-460C-8D03-860BD41846B2}.Debug|x64.Build.0 = Debug|Any CPU
		{17D678E6-91A9-460C-8D03-860BD41846B2}.Debug|x86.ActiveCfg = Debug|Any CPU
		{17D678E6-91A9-460C-8D03-860BD41846B2}.Debug|x86.Build.0 = Debug|Any CPU
		{17D678E6-91A9-460C-8D03-860BD41846B2}.Release|Any CPU.ActiveCfg = Release|Any CPU
		{17D678E6-91A9-460C-8D03-860BD41846B2}.Release|Any CPU.Build.0 = Release|Any CPU
		{17D678E6-91A9-460C-8D03-860BD41846B2}.Release|x64.ActiveCfg = Release|Any CPU
		{17D678E6-91A9-460C-8D03-860BD41846B2}.Release|x64.Build.0 = Release|Any CPU
		{17D678E6-91A9-460C-8D03-860BD41846B2}.Release|x86.ActiveCfg = Release|Any CPU
		{17D678E6-91A9-460C-8D03-860BD41846B2}.Release|x86.Build.0 = Release|Any CPU
		{4A9FA035-2565-43B9-8674-EDAF8EA38A0B}.Debug|Any CPU.ActiveCfg = Debug|Any CPU
		{4A9FA035-2565-43B9-8674-EDAF8EA38A0B}.Debug|Any CPU.Build.0 = Debug|Any CPU
		{4A9FA035-2565-43B9-8674-EDAF8EA38A0B}.Debug|x64.ActiveCfg = Debug|Any CPU
		{4A9FA035-2565-43B9-8674-EDAF8EA38A0B}.Debug|x64.Build.0 = Debug|Any CPU
		{4A9FA035-2565-43B9-8674-EDAF8EA38A0B}.Debug|x86.ActiveCfg = Debug|Any CPU
		{4A9FA035-2565-43B9-8674-EDAF8EA38A0B}.Debug|x86.Build.0 = Debug|Any CPU
		{4A9FA035-2565-43B9-8674-EDAF8EA38A0B}.Release|Any CPU.ActiveCfg = Release|Any CPU
		{4A9FA035-2565-43B9-8674-EDAF8EA38A0B}.Release|Any CPU.Build.0 = Release|Any CPU
		{4A9FA035-2565-43B9-8674-EDAF8EA38A0B}.Release|x64.ActiveCfg = Release|Any CPU
		{4A9FA035-2565-43B9-8674-EDAF8EA38A0B}.Release|x64.Build.0 = Release|Any CPU
		{4A9FA035-2565-43B9-8674-EDAF8EA38A0B}.Release|x86.ActiveCfg = Release|Any CPU
		{4A9FA035-2565-43B9-8674-EDAF8EA38A0B}.Release|x86.Build.0 = Release|Any CPU
		{BC7C95C7-B16F-4170-B450-A17D03BF2552}.Debug|Any CPU.ActiveCfg = Debug|Any CPU
		{BC7C95C7-B16F-4170-B450-A17D03BF2552}.Debug|Any CPU.Build.0 = Debug|Any CPU
		{BC7C95C7-B16F-4170-B450-A17D03BF2552}.Debug|x64.ActiveCfg = Debug|Any CPU
		{BC7C95C7-B16F-4170-B450-A17D03BF2552}.Debug|x64.Build.0 = Debug|Any CPU
		{BC7C95C7-B16F-4170-B450-A17D03BF2552}.Debug|x86.ActiveCfg = Debug|Any CPU
		{BC7C95C7-B16F-4170-B450-A17D03BF2552}.Debug|x86.Build.0 = Debug|Any CPU
		{BC7C95C7-B16F-4170-B450-A17D03BF2552}.Release|Any CPU.ActiveCfg = Release|Any CPU
		{BC7C95C7-B16F-4170-B450-A17D03BF2552}.Release|Any CPU.Build.0 = Release|Any CPU
		{BC7C95C7-B16F-4170-B450-A17D03BF2552}.Release|x64.ActiveCfg = Release|Any CPU
		{BC7C95C7-B16F-4170-B450-A17D03BF2552}.Release|x64.Build.0 = Release|Any CPU
		{BC7C95C7-B16F-4170-B450-A17D03BF2552}.Release|x86.ActiveCfg = Release|Any CPU
		{BC7C95C7-B16F-4170-B450-A17D03BF2552}.Release|x86.Build.0 = Release|Any CPU
		{7F98895F-99EE-4F87-A2B3-9ACE40A30840}.Debug|Any CPU.ActiveCfg = Debug|Any CPU
		{7F98895F-99EE-4F87-A2B3-9ACE40A30840}.Debug|Any CPU.Build.0 = Debug|Any CPU
		{7F98895F-99EE-4F87-A2B3-9ACE40A30840}.Debug|x64.ActiveCfg = Debug|Any CPU
		{7F98895F-99EE-4F87-A2B3-9ACE40A30840}.Debug|x64.Build.0 = Debug|Any CPU
		{7F98895F-99EE-4F87-A2B3-9ACE40A30840}.Debug|x86.ActiveCfg = Debug|Any CPU
		{7F98895F-99EE-4F87-A2B3-9ACE40A30840}.Debug|x86.Build.0 = Debug|Any CPU
		{7F98895F-99EE-4F87-A2B3-9ACE40A30840}.Release|Any CPU.ActiveCfg = Release|Any CPU
		{7F98895F-99EE-4F87-A2B3-9ACE40A30840}.Release|Any CPU.Build.0 = Release|Any CPU
		{7F98895F-99EE-4F87-A2B3-9ACE40A30840}.Release|x64.ActiveCfg = Release|Any CPU
		{7F98895F-99EE-4F87-A2B3-9ACE40A30840}.Release|x64.Build.0 = Release|Any CPU
		{7F98895F-99EE-4F87-A2B3-9ACE40A30840}.Release|x86.ActiveCfg = Release|Any CPU
		{7F98895F-99EE-4F87-A2B3-9ACE40A30840}.Release|x86.Build.0 = Release|Any CPU
	EndGlobalSection
	GlobalSection(SolutionProperties) = preSolution
		HideSolutionNode = FALSE
	EndGlobalSection
	GlobalSection(NestedProjects) = preSolution
		{F1FB8962-D0F1-43B7-899E-331030CC4106} = {827E0CD3-B72D-47B6-A68D-7590B98EB39B}
		{18215116-C9EB-45ED-B35C-5255769CC7E2} = {827E0CD3-B72D-47B6-A68D-7590B98EB39B}
		{AFA29100-B5B3-4E87-A9B3-C60E4AFADCDF} = {827E0CD3-B72D-47B6-A68D-7590B98EB39B}
		{1597CA12-DC00-4889-BB31-DC877F29BD18} = {827E0CD3-B72D-47B6-A68D-7590B98EB39B}
		{17D678E6-91A9-460C-8D03-860BD41846B2} = {827E0CD3-B72D-47B6-A68D-7590B98EB39B}
		{4A9FA035-2565-43B9-8674-EDAF8EA38A0B} = {0AB3BF05-4346-4AA6-1389-037BE0695223}
		{BC7C95C7-B16F-4170-B450-A17D03BF2552} = {0AB3BF05-4346-4AA6-1389-037BE0695223}
		{7F98895F-99EE-4F87-A2B3-9ACE40A30840} = {827E0CD3-B72D-47B6-A68D-7590B98EB39B}
	EndGlobalSection
EndGlobal
